
Microsoft Visual Studio Solution File, Format Version 12.00
# Visual Studio Version 17
VisualStudioVersion = 17.9.34714.143
MinimumVisualStudioVersion = 10.0.40219.1
Project("{9A19103F-16F7-4668-BE54-9A1E7A4F7556}") = "ConsoleApp", "ConsoleApp\ConsoleApp.csproj", "{7EE5A0AE-9CB6-475D-A9D3-4DDA5CD2CF30}"
EndProject
Project("{FAE04EC0-301F-11D3-BF4B-00C04F79EFBC}") = "WebUI", "WebUI\WebUI.csproj", "{62C9B301-3542-47AD-A4A7-85A2F46161BE}"
EndProject
Global
	GlobalSection(SolutionConfigurationPlatforms) = preSolution
		Debug|Any CPU = Debug|Any CPU
		Release|Any CPU = Release|Any CPU
	EndGlobalSection
	GlobalSection(ProjectConfigurationPlatforms) = postSolution
		{7EE5A0AE-9CB6-475D-A9D3-4DDA5CD2CF30}.Debug|Any CPU.ActiveCfg = Debug|Any CPU
		{7EE5A0AE-9CB6-475D-A9D3-4DDA5CD2CF30}.Debug|Any CPU.Build.0 = Debug|Any CPU
		{7EE5A0AE-9CB6-475D-A9D3-4DDA5CD2CF30}.Release|Any CPU.ActiveCfg = Release|Any CPU
		{7EE5A0AE-9CB6-475D-A9D3-4DDA5CD2CF30}.Release|Any CPU.Build.0 = Release|Any CPU
		{62C9B301-3542-47AD-A4A7-85A2F46161BE}.Debug|Any CPU.ActiveCfg = Debug|Any CPU
		{62C9B301-3542-47AD-A4A7-85A2F46161BE}.Debug|Any CPU.Build.0 = Debug|Any CPU
		{62C9B301-3542-47AD-A4A7-85A2F46161BE}.Release|Any CPU.ActiveCfg = Release|Any CPU
		{62C9B301-3542-47AD-A4A7-85A2F46161BE}.Release|Any CPU.Build.0 = Release|Any CPU
	EndGlobalSection
	GlobalSection(SolutionProperties) = preSolution
		HideSolutionNode = FALSE
	EndGlobalSection
	GlobalSection(ExtensibilityGlobals) = postSolution
		SolutionGuid = {C8065F95-2F88-4944-95C0-68E6FFF51F8B}
	EndGlobalSection
EndGlobal
